
Microsoft Visual Studio Solution File, Format Version 12.00
# Visual Studio Version 16
VisualStudioVersion = 16.0.30011.22
MinimumVisualStudioVersion = 10.0.40219.1
Project("{FAE04EC0-301F-11D3-BF4B-00C04F79EFBC}") = "Piton Ar-ge ve Yazılım Evi", "Piton Ar-ge ve Yazılım Evi\Piton Ar-ge ve Yazılım Evi.csproj", "{56CFB544-A7F5-4C89-BD9C-B73F26434A8B}"
EndProject
Global
	GlobalSection(SolutionConfigurationPlatforms) = preSolution
		Debug|Any CPU = Debug|Any CPU
		Release|Any CPU = Release|Any CPU
	EndGlobalSection
	GlobalSection(ProjectConfigurationPlatforms) = postSolution
		{56CFB544-A7F5-4C89-BD9C-B73F26434A8B}.Debug|Any CPU.ActiveCfg = Debug|Any CPU
		{56CFB544-A7F5-4C89-BD9C-B73F26434A8B}.Debug|Any CPU.Build.0 = Debug|Any CPU
		{56CFB544-A7F5-4C89-BD9C-B73F26434A8B}.Release|Any CPU.ActiveCfg = Release|Any CPU
		{56CFB544-A7F5-4C89-BD9C-B73F26434A8B}.Release|Any CPU.Build.0 = Release|Any CPU
	EndGlobalSection
	GlobalSection(SolutionProperties) = preSolution
		HideSolutionNode = FALSE
	EndGlobalSection
	GlobalSection(ExtensibilityGlobals) = postSolution
		SolutionGuid = {1B075031-F78A-4725-8B6C-5F7AB09D4A62}
	EndGlobalSection
EndGlobal
